
Microsoft Visual Studio Solution File, Format Version 12.00
# Visual Studio Version 17
VisualStudioVersion = 17.4.33122.133
MinimumVisualStudioVersion = 10.0.40219.1
Project("{FAE04EC0-301F-11D3-BF4B-00C04F79EFBC}") = "MVCProjeKampi", "MVCProjeKampi\MVCProjeKampi.csproj", "{30080F50-862E-458D-BD8E-89EB7EF6DBCC}"
EndProject
Project("{FAE04EC0-301F-11D3-BF4B-00C04F79EFBC}") = "EntityLayer", "EntityLayer\EntityLayer.csproj", "{EF6664D1-680C-42B8-A8BB-A8D479BBB493}"
EndProject
Project("{FAE04EC0-301F-11D3-BF4B-00C04F79EFBC}") = "DataAccsessLayer", "DataAccsessLayer\DataAccsessLayer.csproj", "{C67EA13C-233F-4E12-AF02-9DC3A0A70D8B}"
EndProject
Project("{FAE04EC0-301F-11D3-BF4B-00C04F79EFBC}") = "BusinessLayer", "BusinessLayer\BusinessLayer.csproj", "{68E2FF8D-A180-4739-AB9B-A94B6A827E10}"
EndProject
Global
	GlobalSection(SolutionConfigurationPlatforms) = preSolution
		Debug|Any CPU = Debug|Any CPU
		Release|Any CPU = Release|Any CPU
	EndGlobalSection
	GlobalSection(ProjectConfigurationPlatforms) = postSolution
		{30080F50-862E-458D-BD8E-89EB7EF6DBCC}.Debug|Any CPU.ActiveCfg = Debug|Any CPU
		{30080F50-862E-458D-BD8E-89EB7EF6DBCC}.Debug|Any CPU.Build.0 = Debug|Any CPU
		{30080F50-862E-458D-BD8E-89EB7EF6DBCC}.Release|Any CPU.ActiveCfg = Release|Any CPU
		{30080F50-862E-458D-BD8E-89EB7EF6DBCC}.Release|Any CPU.Build.0 = Release|Any CPU
		{EF6664D1-680C-42B8-A8BB-A8D479BBB493}.Debug|Any CPU.ActiveCfg = Debug|Any CPU
		{EF6664D1-680C-42B8-A8BB-A8D479BBB493}.Debug|Any CPU.Build.0 = Debug|Any CPU
		{EF6664D1-680C-42B8-A8BB-A8D479BBB493}.Release|Any CPU.ActiveCfg = Release|Any CPU
		{EF6664D1-680C-42B8-A8BB-A8D479BBB493}.Release|Any CPU.Build.0 = Release|Any CPU
		{C67EA13C-233F-4E12-AF02-9DC3A0A70D8B}.Debug|Any CPU.ActiveCfg = Debug|Any CPU
		{C67EA13C-233F-4E12-AF02-9DC3A0A70D8B}.Debug|Any CPU.Build.0 = Debug|Any CPU
		{C67EA13C-233F-4E12-AF02-9DC3A0A70D8B}.Release|Any CPU.ActiveCfg = Release|Any CPU
		{C67EA13C-233F-4E12-AF02-9DC3A0A70D8B}.Release|Any CPU.Build.0 = Release|Any CPU
		{68E2FF8D-A180-4739-AB9B-A94B6A827E10}.Debug|Any CPU.ActiveCfg = Debug|Any CPU
		{68E2FF8D-A180-4739-AB9B-A94B6A827E10}.Debug|Any CPU.Build.0 = Debug|Any CPU
		{68E2FF8D-A180-4739-AB9B-A94B6A827E10}.Release|Any CPU.ActiveCfg = Release|Any CPU
		{68E2FF8D-A180-4739-AB9B-A94B6A827E10}.Release|Any CPU.Build.0 = Release|Any CPU
	EndGlobalSection
	GlobalSection(SolutionProperties) = preSolution
		HideSolutionNode = FALSE
	EndGlobalSection
	GlobalSection(ExtensibilityGlobals) = postSolution
		SolutionGuid = {4E94B948-0A13-4260-9779-050ABE98264A}
	EndGlobalSection
EndGlobal
